PODS:
  - Capacitor (5.0.0):
    - CapacitorCordova
  - CapacitorCordova (5.0.0)
  - FBAEMKit (18.0.1):
    - FBSDKCoreKit_Basics (= 18.0.1)
  - FBSDKCoreKit (18.0.1):
    - FBAEMKit (= 18.0.1)
    - FBSDKCoreKit_Basics (= 18.0.1)
  - FBSDKCoreKit_Basics (18.0.1)
  - FBSDKLoginKit (18.0.1):
    - FBSDKCoreKit (= 18.0.1)

DEPENDENCIES:
  - "Capacitor (from `../node_modules/@capacitor/ios`)"
  - "CapacitorCordova (from `../node_modules/@capacitor/ios`)"
  - FBSDKCoreKit (= 18.0.1)
  - FBSDKLoginKit (= 18.0.1)

SPEC REPOS:
  trunk:
    - FBAEMKit
    - FBSDKCoreKit
    - FBSDKCoreKit_Basics
    - FBSDKLoginKit

EXTERNAL SOURCES:
  Capacitor:
    :path: "../node_modules/@capacitor/ios"
  CapacitorCordova:
    :path: "../node_modules/@capacitor/ios"

SPEC CHECKSUMS:
  Capacitor: b332cb737d447561e854039fb72195206685dce2
  CapacitorCordova: 4ea17670ee562680988a7ce9db68dee5160fe564
  FBAEMKit: 78fb38f212fa49029aff24c669a39648d9b4e68b
  FBSDKCoreKit: 7f96852f2539bdb88ba8d47e5ab4ae70a6f8d691
  FBSDKCoreKit_Basics: 78fb38f212fa49029aff24c669a39648d9b4e68b
  FBSDKLoginKit: 78fb38f212fa49029aff24c669a39648d9b4e68b

PODFILE CHECKSUM: a68315cfab9be0f791777bbf3c7b396c6cdb661a

COCOAPODS: 1.16.2
