PODS:
  - Capacitor (6.0.0-rc.2):
    - CapacitorCordova
  - CapacitorCommunityFacebookLogin (7.0.0):
    - Capacitor
    - FBSDKCoreKit (= 18.0.1)
    - FBSDKLoginKit (= 18.0.1)
  - CapacitorCordova (6.0.0-rc.2)
  - FBAEMKit (18.0.1):
    - FBSDKCoreKit_Basics (= 18.0.1)
  - FBSDKCoreKit (18.0.1):
    - FBAEMKit (= 18.0.1)
    - FBSDKCoreKit_Basics (= 18.0.1)
  - FBSDKCoreKit_Basics (18.0.1)
  - FBSDKLoginKit (18.0.1):
    - FBSDKCoreKit (= 18.0.1)

DEPENDENCIES:
  - "Capacitor (from `../../node_modules/@capacitor/ios`)"
  - CapacitorCommunityFacebookLogin (from `../../../..`)
  - "CapacitorCordova (from `../../node_modules/@capacitor/ios`)"

SPEC REPOS:
  trunk:
    - FBAEMKit
    - FBSDKCoreKit
    - FBSDKCoreKit_Basics
    - FBSDKLoginKit

EXTERNAL SOURCES:
  Capacitor:
    :path: "../../node_modules/@capacitor/ios"
  CapacitorCommunityFacebookLogin:
    :path: "../../../.."
  CapacitorCordova:
    :path: "../../node_modules/@capacitor/ios"

SPEC CHECKSUMS:
  Capacitor: 616838064c270088c3c51e0bb2f57259c09f3d55
  CapacitorCommunityFacebookLogin: a697a6800d2827f2155d59e443764ce295dde4e9
  CapacitorCordova: 62056f853503fb402c3bd9ea9b93b30f23d1c1ce
  FBAEMKit: 78fb38f212fa49029aff24c669a39648d9b4e68b
  FBSDKCoreKit: 7f96852f2539bdb88ba8d47e5ab4ae70a6f8d691
  FBSDKCoreKit_Basics: 78fb38f212fa49029aff24c669a39648d9b4e68b
  FBSDKLoginKit: 78fb38f212fa49029aff24c669a39648d9b4e68b

PODFILE CHECKSUM: 5a3e712f80ddbdc883b5d7499fca4a61050361b8

COCOAPODS: 1.16.2
